
Microsoft Visual Studio Solution File, Format Version 12.00
# Visual Studio Version 17
VisualStudioVersion = 17.0.31903.59
MinimumVisualStudioVersion = 10.0.40219.1
Project("{2150E333-8FDC-42A3-9474-1A3956D46DE8}") = "src", "src", "{75E0221D-BD2C-4D84-BF82-0E9206CC54D3}"
EndProject
Project("{2150E333-8FDC-42A3-9474-1A3956D46DE8}") = "Core", "Core", "{91995D43-AFF6-4F4D-AF12-BC16BC083A2D}"
EndProject
Project("{FAE04EC0-301F-11D3-BF4B-00C04F79EFBC}") = "Blog.Application", "src\Core\Blog.Application\Blog.Application.csproj", "{A22FCD4C-3777-40BD-B4C8-3483F29BDE5A}"
EndProject
Project("{FAE04EC0-301F-11D3-BF4B-00C04F79EFBC}") = "Blog.Domain", "src\Core\Blog.Domain\Blog.Domain.csproj", "{36202A60-D5FA-4D54-8E43-9052CC644455}"
EndProject
Global
	GlobalSection(SolutionConfigurationPlatforms) = preSolution
		Debug|Any CPU = Debug|Any CPU
		Release|Any CPU = Release|Any CPU
	EndGlobalSection
	GlobalSection(SolutionProperties) = preSolution
		HideSolutionNode = FALSE
	EndGlobalSection
	GlobalSection(ProjectConfigurationPlatforms) = postSolution
		{A22FCD4C-3777-40BD-B4C8-3483F29BDE5A}.Debug|Any CPU.ActiveCfg = Debug|Any CPU
		{A22FCD4C-3777-40BD-B4C8-3483F29BDE5A}.Debug|Any CPU.Build.0 = Debug|Any CPU
		{A22FCD4C-3777-40BD-B4C8-3483F29BDE5A}.Release|Any CPU.ActiveCfg = Release|Any CPU
		{A22FCD4C-3777-40BD-B4C8-3483F29BDE5A}.Release|Any CPU.Build.0 = Release|Any CPU
		{36202A60-D5FA-4D54-8E43-9052CC644455}.Debug|Any CPU.ActiveCfg = Debug|Any CPU
		{36202A60-D5FA-4D54-8E43-9052CC644455}.Debug|Any CPU.Build.0 = Debug|Any CPU
		{36202A60-D5FA-4D54-8E43-9052CC644455}.Release|Any CPU.ActiveCfg = Release|Any CPU
		{36202A60-D5FA-4D54-8E43-9052CC644455}.Release|Any CPU.Build.0 = Release|Any CPU
	EndGlobalSection
	GlobalSection(NestedProjects) = preSolution
		{91995D43-AFF6-4F4D-AF12-BC16BC083A2D} = {75E0221D-BD2C-4D84-BF82-0E9206CC54D3}
		{A22FCD4C-3777-40BD-B4C8-3483F29BDE5A} = {91995D43-AFF6-4F4D-AF12-BC16BC083A2D}
		{36202A60-D5FA-4D54-8E43-9052CC644455} = {91995D43-AFF6-4F4D-AF12-BC16BC083A2D}
	EndGlobalSection
EndGlobal
